
Microsoft Visual Studio Solution File, Format Version 12.00
# Visual Studio 16
Project("{FAE04EC0-301F-11D3-BF4B-00C04F79EFBC}") = "Assembly-CSharp", "Assembly-CSharp.csproj", "{FB804F52-B010-22EE-263A-9ACFB4C9AB1A}"
EndProject
Project("{FAE04EC0-301F-11D3-BF4B-00C04F79EFBC}") = "Assembly-CSharp-Editor", "Assembly-CSharp-Editor.csproj", "{64630D4C-7B66-2568-196A-2A02C8A227DF}"
EndProject
Global
	GlobalSection(SolutionConfigurationPlatforms) = preSolution
		Debug|Any CPU = Debug|Any CPU
		Release|Any CPU = Release|Any CPU
	EndGlobalSection
	GlobalSection(ProjectConfigurationPlatforms) = postSolution
		{FB804F52-B010-22EE-263A-9ACFB4C9AB1A}.Debug|Any CPU.ActiveCfg = Debug|Any CPU
		{FB804F52-B010-22EE-263A-9ACFB4C9AB1A}.Debug|Any CPU.Build.0 = Debug|Any CPU
		{FB804F52-B010-22EE-263A-9ACFB4C9AB1A}.Release|Any CPU.ActiveCfg = Release|Any CPU
		{FB804F52-B010-22EE-263A-9ACFB4C9AB1A}.Release|Any CPU.Build.0 = Release|Any CPU
		{64630D4C-7B66-2568-196A-2A02C8A227DF}.Debug|Any CPU.ActiveCfg = Debug|Any CPU
		{64630D4C-7B66-2568-196A-2A02C8A227DF}.Debug|Any CPU.Build.0 = Debug|Any CPU
		{64630D4C-7B66-2568-196A-2A02C8A227DF}.Release|Any CPU.ActiveCfg = Release|Any CPU
		{64630D4C-7B66-2568-196A-2A02C8A227DF}.Release|Any CPU.Build.0 = Release|Any CPU
	EndGlobalSection
	GlobalSection(SolutionProperties) = preSolution
		HideSolutionNode = FALSE
	EndGlobalSection
EndGlobal
